
Microsoft Visual Studio Solution File, Format Version 12.00
Project("{FAE04EC0-301F-11D3-BF4B-00C04F79EFBC}") = "Longship", "Longship\Longship.csproj", "{CC995724-62A8-4585-84B3-4D384B5D8602}"
EndProject
Global
	GlobalSection(SolutionConfigurationPlatforms) = preSolution
		Debug|Any CPU = Debug|Any CPU
		Release|Any CPU = Release|Any CPU
	EndGlobalSection
	GlobalSection(ProjectConfigurationPlatforms) = postSolution
		{CC995724-62A8-4585-84B3-4D384B5D8602}.Debug|Any CPU.ActiveCfg = Debug|Any CPU
		{CC995724-62A8-4585-84B3-4D384B5D8602}.Debug|Any CPU.Build.0 = Debug|Any CPU
		{CC995724-62A8-4585-84B3-4D384B5D8602}.Release|Any CPU.ActiveCfg = Release|Any CPU
		{CC995724-62A8-4585-84B3-4D384B5D8602}.Release|Any CPU.Build.0 = Release|Any CPU
	EndGlobalSection
EndGlobal
